
Microsoft Visual Studio Solution File, Format Version 12.00
# Visual Studio Version 16
VisualStudioVersion = 16.0.28705.295
MinimumVisualStudioVersion = 15.0.26124.0
Project("{9A19103F-16F7-4668-BE54-9A1E7A4F7556}") = "Processes", "Processes\Processes.csproj", "{0763559C-BAE9-4EFC-B57A-D74001A2D643}"
EndProject
Project("{9A19103F-16F7-4668-BE54-9A1E7A4F7556}") = "AppDomain", "AppDomain\AppDomain.csproj", "{799D282C-5B8F-436A-A6E4-550F2101BDB7}"
EndProject
Project("{FAE04EC0-301F-11D3-BF4B-00C04F79EFBC}") = "AppDomainNF", "AppDomainNF\AppDomainNF.csproj", "{5F12590D-E4FD-409E-A694-BA81A34960BD}"
EndProject
Project("{FAE04EC0-301F-11D3-BF4B-00C04F79EFBC}") = "Async", "Async\Async.csproj", "{E9B70AC9-0991-43A8-96B5-FA32F299D70C}"
EndProject
Project("{FAE04EC0-301F-11D3-BF4B-00C04F79EFBC}") = "DataParallelismWithForEach", "DataParallelismWithForEach\DataParallelismWithForEach.csproj", "{10E92DCE-1741-46F7-A655-23614CBA48BE}"
EndProject
Project("{FAE04EC0-301F-11D3-BF4B-00C04F79EFBC}") = "MyEBookReader", "MyEBookReader\MyEBookReader.csproj", "{CE4D93DC-7657-4C34-80D6-7B474EBB88E0}"
EndProject
Project("{FAE04EC0-301F-11D3-BF4B-00C04F79EFBC}") = "CSharpAsync", "CSharpAsync\CSharpAsync.csproj", "{91019D8D-E44A-44A4-87D0-6AFAF4125E3C}"
EndProject
Project("{FAE04EC0-301F-11D3-BF4B-00C04F79EFBC}") = "Collections", "Collections\Collections.csproj", "{9B4D634F-BC37-4413-BC8C-554D53E1CCB8}"
EndProject
Project("{FAE04EC0-301F-11D3-BF4B-00C04F79EFBC}") = "Interfaces", "Interfaces\Interfaces.csproj", "{F638FECA-CA9B-4190-B780-A530AFC67C2D}"
EndProject
Project("{FAE04EC0-301F-11D3-BF4B-00C04F79EFBC}") = "OOP", "OOP\OOP.csproj", "{6604698D-AB73-4DB8-B905-9A065EF9A710}"
EndProject
Project("{9A19103F-16F7-4668-BE54-9A1E7A4F7556}") = "Delegates", "Delegates\Delegates.csproj", "{37B86526-947B-4A0F-A3CE-DABCC6A952C0}"
EndProject
Project("{9A19103F-16F7-4668-BE54-9A1E7A4F7556}") = "Reflection", "Reflection\Reflection.csproj", "{650434D4-C0C3-4A5C-A9F4-D2FE1E0D835C}"
EndProject
Project("{FAE04EC0-301F-11D3-BF4B-00C04F79EFBC}") = "IO", "IO\IO.csproj", "{6A53A6C3-E4E4-4043-870B-FE8B3F183999}"
EndProject
Global
	GlobalSection(SolutionConfigurationPlatforms) = preSolution
		Debug|Any CPU = Debug|Any CPU
		Debug|x64 = Debug|x64
		Debug|x86 = Debug|x86
		Release|Any CPU = Release|Any CPU
		Release|x64 = Release|x64
		Release|x86 = Release|x86
	EndGlobalSection
	GlobalSection(ProjectConfigurationPlatforms) = postSolution
		{0763559C-BAE9-4EFC-B57A-D74001A2D643}.Debug|Any CPU.ActiveCfg = Debug|Any CPU
		{0763559C-BAE9-4EFC-B57A-D74001A2D643}.Debug|Any CPU.Build.0 = Debug|Any CPU
		{0763559C-BAE9-4EFC-B57A-D74001A2D643}.Debug|x64.ActiveCfg = Debug|Any CPU
		{0763559C-BAE9-4EFC-B57A-D74001A2D643}.Debug|x64.Build.0 = Debug|Any CPU
		{0763559C-BAE9-4EFC-B57A-D74001A2D643}.Debug|x86.ActiveCfg = Debug|Any CPU
		{0763559C-BAE9-4EFC-B57A-D74001A2D643}.Debug|x86.Build.0 = Debug|Any CPU
		{0763559C-BAE9-4EFC-B57A-D74001A2D643}.Release|Any CPU.ActiveCfg = Release|Any CPU
		{0763559C-BAE9-4EFC-B57A-D74001A2D643}.Release|Any CPU.Build.0 = Release|Any CPU
		{0763559C-BAE9-4EFC-B57A-D74001A2D643}.Release|x64.ActiveCfg = Release|Any CPU
		{0763559C-BAE9-4EFC-B57A-D74001A2D643}.Release|x64.Build.0 = Release|Any CPU
		{0763559C-BAE9-4EFC-B57A-D74001A2D643}.Release|x86.ActiveCfg = Release|Any CPU
		{0763559C-BAE9-4EFC-B57A-D74001A2D643}.Release|x86.Build.0 = Release|Any CPU
		{799D282C-5B8F-436A-A6E4-550F2101BDB7}.Debug|Any CPU.ActiveCfg = Debug|Any CPU
		{799D282C-5B8F-436A-A6E4-550F2101BDB7}.Debug|Any CPU.Build.0 = Debug|Any CPU
		{799D282C-5B8F-436A-A6E4-550F2101BDB7}.Debug|x64.ActiveCfg = Debug|Any CPU
		{799D282C-5B8F-436A-A6E4-550F2101BDB7}.Debug|x64.Build.0 = Debug|Any CPU
		{799D282C-5B8F-436A-A6E4-550F2101BDB7}.Debug|x86.ActiveCfg = Debug|Any CPU
		{799D282C-5B8F-436A-A6E4-550F2101BDB7}.Debug|x86.Build.0 = Debug|Any CPU
		{799D282C-5B8F-436A-A6E4-550F2101BDB7}.Release|Any CPU.ActiveCfg = Release|Any CPU
		{799D282C-5B8F-436A-A6E4-550F2101BDB7}.Release|Any CPU.Build.0 = Release|Any CPU
		{799D282C-5B8F-436A-A6E4-550F2101BDB7}.Release|x64.ActiveCfg = Release|Any CPU
		{799D282C-5B8F-436A-A6E4-550F2101BDB7}.Release|x64.Build.0 = Release|Any CPU
		{799D282C-5B8F-436A-A6E4-550F2101BDB7}.Release|x86.ActiveCfg = Release|Any CPU
		{799D282C-5B8F-436A-A6E4-550F2101BDB7}.Release|x86.Build.0 = Release|Any CPU
		{5F12590D-E4FD-409E-A694-BA81A34960BD}.Debug|Any CPU.ActiveCfg = Debug|Any CPU
		{5F12590D-E4FD-409E-A694-BA81A34960BD}.Debug|Any CPU.Build.0 = Debug|Any CPU
		{5F12590D-E4FD-409E-A694-BA81A34960BD}.Debug|x64.ActiveCfg = Debug|Any CPU
		{5F12590D-E4FD-409E-A694-BA81A34960BD}.Debug|x64.Build.0 = Debug|Any CPU
		{5F12590D-E4FD-409E-A694-BA81A34960BD}.Debug|x86.ActiveCfg = Debug|Any CPU
		{5F12590D-E4FD-409E-A694-BA81A34960BD}.Debug|x86.Build.0 = Debug|Any CPU
		{5F12590D-E4FD-409E-A694-BA81A34960BD}.Release|Any CPU.ActiveCfg = Release|Any CPU
		{5F12590D-E4FD-409E-A694-BA81A34960BD}.Release|Any CPU.Build.0 = Release|Any CPU
		{5F12590D-E4FD-409E-A694-BA81A34960BD}.Release|x64.ActiveCfg = Release|Any CPU
		{5F12590D-E4FD-409E-A694-BA81A34960BD}.Release|x64.Build.0 = Release|Any CPU
		{5F12590D-E4FD-409E-A694-BA81A34960BD}.Release|x86.ActiveCfg = Release|Any CPU
		{5F12590D-E4FD-409E-A694-BA81A34960BD}.Release|x86.Build.0 = Release|Any CPU
		{E9B70AC9-0991-43A8-96B5-FA32F299D70C}.Debug|Any CPU.ActiveCfg = Debug|Any CPU
		{E9B70AC9-0991-43A8-96B5-FA32F299D70C}.Debug|Any CPU.Build.0 = Debug|Any CPU
		{E9B70AC9-0991-43A8-96B5-FA32F299D70C}.Debug|x64.ActiveCfg = Debug|Any CPU
		{E9B70AC9-0991-43A8-96B5-FA32F299D70C}.Debug|x64.Build.0 = Debug|Any CPU
		{E9B70AC9-0991-43A8-96B5-FA32F299D70C}.Debug|x86.ActiveCfg = Debug|Any CPU
		{E9B70AC9-0991-43A8-96B5-FA32F299D70C}.Debug|x86.Build.0 = Debug|Any CPU
		{E9B70AC9-0991-43A8-96B5-FA32F299D70C}.Release|Any CPU.ActiveCfg = Release|Any CPU
		{E9B70AC9-0991-43A8-96B5-FA32F299D70C}.Release|Any CPU.Build.0 = Release|Any CPU
		{E9B70AC9-0991-43A8-96B5-FA32F299D70C}.Release|x64.ActiveCfg = Release|Any CPU
		{E9B70AC9-0991-43A8-96B5-FA32F299D70C}.Release|x64.Build.0 = Release|Any CPU
		{E9B70AC9-0991-43A8-96B5-FA32F299D70C}.Release|x86.ActiveCfg = Release|Any CPU
		{E9B70AC9-0991-43A8-96B5-FA32F299D70C}.Release|x86.Build.0 = Release|Any CPU
		{10E92DCE-1741-46F7-A655-23614CBA48BE}.Debug|Any CPU.ActiveCfg = Debug|Any CPU
		{10E92DCE-1741-46F7-A655-23614CBA48BE}.Debug|Any CPU.Build.0 = Debug|Any CPU
		{10E92DCE-1741-46F7-A655-23614CBA48BE}.Debug|x64.ActiveCfg = Debug|Any CPU
		{10E92DCE-1741-46F7-A655-23614CBA48BE}.Debug|x64.Build.0 = Debug|Any CPU
		{10E92DCE-1741-46F7-A655-23614CBA48BE}.Debug|x86.ActiveCfg = Debug|Any CPU
		{10E92DCE-1741-46F7-A655-23614CBA48BE}.Debug|x86.Build.0 = Debug|Any CPU
		{10E92DCE-1741-46F7-A655-23614CBA48BE}.Release|Any CPU.ActiveCfg = Release|Any CPU
		{10E92DCE-1741-46F7-A655-23614CBA48BE}.Release|Any CPU.Build.0 = Release|Any CPU
		{10E92DCE-1741-46F7-A655-23614CBA48BE}.Release|x64.ActiveCfg = Release|Any CPU
		{10E92DCE-1741-46F7-A655-23614CBA48BE}.Release|x64.Build.0 = Release|Any CPU
		{10E92DCE-1741-46F7-A655-23614CBA48BE}.Release|x86.ActiveCfg = Release|Any CPU
		{10E92DCE-1741-46F7-A655-23614CBA48BE}.Release|x86.Build.0 = Release|Any CPU
		{CE4D93DC-7657-4C34-80D6-7B474EBB88E0}.Debug|Any CPU.ActiveCfg = Debug|Any CPU
		{CE4D93DC-7657-4C34-80D6-7B474EBB88E0}.Debug|Any CPU.Build.0 = Debug|Any CPU
		{CE4D93DC-7657-4C34-80D6-7B474EBB88E0}.Debug|x64.ActiveCfg = Debug|Any CPU
		{CE4D93DC-7657-4C34-80D6-7B474EBB88E0}.Debug|x64.Build.0 = Debug|Any CPU
		{CE4D93DC-7657-4C34-80D6-7B474EBB88E0}.Debug|x86.ActiveCfg = Debug|Any CPU
		{CE4D93DC-7657-4C34-80D6-7B474EBB88E0}.Debug|x86.Build.0 = Debug|Any CPU
		{CE4D93DC-7657-4C34-80D6-7B474EBB88E0}.Release|Any CPU.ActiveCfg = Release|Any CPU
		{CE4D93DC-7657-4C34-80D6-7B474EBB88E0}.Release|Any CPU.Build.0 = Release|Any CPU
		{CE4D93DC-7657-4C34-80D6-7B474EBB88E0}.Release|x64.ActiveCfg = Release|Any CPU
		{CE4D93DC-7657-4C34-80D6-7B474EBB88E0}.Release|x64.Build.0 = Release|Any CPU
		{CE4D93DC-7657-4C34-80D6-7B474EBB88E0}.Release|x86.ActiveCfg = Release|Any CPU
		{CE4D93DC-7657-4C34-80D6-7B474EBB88E0}.Release|x86.Build.0 = Release|Any CPU
		{91019D8D-E44A-44A4-87D0-6AFAF4125E3C}.Debug|Any CPU.ActiveCfg = Debug|Any CPU
		{91019D8D-E44A-44A4-87D0-6AFAF4125E3C}.Debug|Any CPU.Build.0 = Debug|Any CPU
		{91019D8D-E44A-44A4-87D0-6AFAF4125E3C}.Debug|x64.ActiveCfg = Debug|Any CPU
		{91019D8D-E44A-44A4-87D0-6AFAF4125E3C}.Debug|x64.Build.0 = Debug|Any CPU
		{91019D8D-E44A-44A4-87D0-6AFAF4125E3C}.Debug|x86.ActiveCfg = Debug|Any CPU
		{91019D8D-E44A-44A4-87D0-6AFAF4125E3C}.Debug|x86.Build.0 = Debug|Any CPU
		{91019D8D-E44A-44A4-87D0-6AFAF4125E3C}.Release|Any CPU.ActiveCfg = Release|Any CPU
		{91019D8D-E44A-44A4-87D0-6AFAF4125E3C}.Release|Any CPU.Build.0 = Release|Any CPU
		{91019D8D-E44A-44A4-87D0-6AFAF4125E3C}.Release|x64.ActiveCfg = Release|Any CPU
		{91019D8D-E44A-44A4-87D0-6AFAF4125E3C}.Release|x64.Build.0 = Release|Any CPU
		{91019D8D-E44A-44A4-87D0-6AFAF4125E3C}.Release|x86.ActiveCfg = Release|Any CPU
		{91019D8D-E44A-44A4-87D0-6AFAF4125E3C}.Release|x86.Build.0 = Release|Any CPU
		{9B4D634F-BC37-4413-BC8C-554D53E1CCB8}.Debug|Any CPU.ActiveCfg = Debug|Any CPU
		{9B4D634F-BC37-4413-BC8C-554D53E1CCB8}.Debug|Any CPU.Build.0 = Debug|Any CPU
		{9B4D634F-BC37-4413-BC8C-554D53E1CCB8}.Debug|x64.ActiveCfg = Debug|Any CPU
		{9B4D634F-BC37-4413-BC8C-554D53E1CCB8}.Debug|x64.Build.0 = Debug|Any CPU
		{9B4D634F-BC37-4413-BC8C-554D53E1CCB8}.Debug|x86.ActiveCfg = Debug|Any CPU
		{9B4D634F-BC37-4413-BC8C-554D53E1CCB8}.Debug|x86.Build.0 = Debug|Any CPU
		{9B4D634F-BC37-4413-BC8C-554D53E1CCB8}.Release|Any CPU.ActiveCfg = Release|Any CPU
		{9B4D634F-BC37-4413-BC8C-554D53E1CCB8}.Release|Any CPU.Build.0 = Release|Any CPU
		{9B4D634F-BC37-4413-BC8C-554D53E1CCB8}.Release|x64.ActiveCfg = Release|Any CPU
		{9B4D634F-BC37-4413-BC8C-554D53E1CCB8}.Release|x64.Build.0 = Release|Any CPU
		{9B4D634F-BC37-4413-BC8C-554D53E1CCB8}.Release|x86.ActiveCfg = Release|Any CPU
		{9B4D634F-BC37-4413-BC8C-554D53E1CCB8}.Release|x86.Build.0 = Release|Any CPU
		{F638FECA-CA9B-4190-B780-A530AFC67C2D}.Debug|Any CPU.ActiveCfg = Debug|Any CPU
		{F638FECA-CA9B-4190-B780-A530AFC67C2D}.Debug|Any CPU.Build.0 = Debug|Any CPU
		{F638FECA-CA9B-4190-B780-A530AFC67C2D}.Debug|x64.ActiveCfg = Debug|Any CPU
		{F638FECA-CA9B-4190-B780-A530AFC67C2D}.Debug|x64.Build.0 = Debug|Any CPU
		{F638FECA-CA9B-4190-B780-A530AFC67C2D}.Debug|x86.ActiveCfg = Debug|Any CPU
		{F638FECA-CA9B-4190-B780-A530AFC67C2D}.Debug|x86.Build.0 = Debug|Any CPU
		{F638FECA-CA9B-4190-B780-A530AFC67C2D}.Release|Any CPU.ActiveCfg = Release|Any CPU
		{F638FECA-CA9B-4190-B780-A530AFC67C2D}.Release|Any CPU.Build.0 = Release|Any CPU
		{F638FECA-CA9B-4190-B780-A530AFC67C2D}.Release|x64.ActiveCfg = Release|Any CPU
		{F638FECA-CA9B-4190-B780-A530AFC67C2D}.Release|x64.Build.0 = Release|Any CPU
		{F638FECA-CA9B-4190-B780-A530AFC67C2D}.Release|x86.ActiveCfg = Release|Any CPU
		{F638FECA-CA9B-4190-B780-A530AFC67C2D}.Release|x86.Build.0 = Release|Any CPU
		{6604698D-AB73-4DB8-B905-9A065EF9A710}.Debug|Any CPU.ActiveCfg = Debug|Any CPU
		{6604698D-AB73-4DB8-B905-9A065EF9A710}.Debug|Any CPU.Build.0 = Debug|Any CPU
		{6604698D-AB73-4DB8-B905-9A065EF9A710}.Debug|x64.ActiveCfg = Debug|Any CPU
		{6604698D-AB73-4DB8-B905-9A065EF9A710}.Debug|x64.Build.0 = Debug|Any CPU
		{6604698D-AB73-4DB8-B905-9A065EF9A710}.Debug|x86.ActiveCfg = Debug|Any CPU
		{6604698D-AB73-4DB8-B905-9A065EF9A710}.Debug|x86.Build.0 = Debug|Any CPU
		{6604698D-AB73-4DB8-B905-9A065EF9A710}.Release|Any CPU.ActiveCfg = Release|Any CPU
		{6604698D-AB73-4DB8-B905-9A065EF9A710}.Release|Any CPU.Build.0 = Release|Any CPU
		{6604698D-AB73-4DB8-B905-9A065EF9A710}.Release|x64.ActiveCfg = Release|Any CPU
		{6604698D-AB73-4DB8-B905-9A065EF9A710}.Release|x64.Build.0 = Release|Any CPU
		{6604698D-AB73-4DB8-B905-9A065EF9A710}.Release|x86.ActiveCfg = Release|Any CPU
		{6604698D-AB73-4DB8-B905-9A065EF9A710}.Release|x86.Build.0 = Release|Any CPU
		{37B86526-947B-4A0F-A3CE-DABCC6A952C0}.Debug|Any CPU.ActiveCfg = Debug|Any CPU
		{37B86526-947B-4A0F-A3CE-DABCC6A952C0}.Debug|Any CPU.Build.0 = Debug|Any CPU
		{37B86526-947B-4A0F-A3CE-DABCC6A952C0}.Debug|x64.ActiveCfg = Debug|Any CPU
		{37B86526-947B-4A0F-A3CE-DABCC6A952C0}.Debug|x64.Build.0 = Debug|Any CPU
		{37B86526-947B-4A0F-A3CE-DABCC6A952C0}.Debug|x86.ActiveCfg = Debug|Any CPU
		{37B86526-947B-4A0F-A3CE-DABCC6A952C0}.Debug|x86.Build.0 = Debug|Any CPU
		{37B86526-947B-4A0F-A3CE-DABCC6A952C0}.Release|Any CPU.ActiveCfg = Release|Any CPU
		{37B86526-947B-4A0F-A3CE-DABCC6A952C0}.Release|Any CPU.Build.0 = Release|Any CPU
		{37B86526-947B-4A0F-A3CE-DABCC6A952C0}.Release|x64.ActiveCfg = Release|Any CPU
		{37B86526-947B-4A0F-A3CE-DABCC6A952C0}.Release|x64.Build.0 = Release|Any CPU
		{37B86526-947B-4A0F-A3CE-DABCC6A952C0}.Release|x86.ActiveCfg = Release|Any CPU
		{37B86526-947B-4A0F-A3CE-DABCC6A952C0}.Release|x86.Build.0 = Release|Any CPU
		{650434D4-C0C3-4A5C-A9F4-D2FE1E0D835C}.Debug|Any CPU.ActiveCfg = Debug|Any CPU
		{650434D4-C0C3-4A5C-A9F4-D2FE1E0D835C}.Debug|Any CPU.Build.0 = Debug|Any CPU
		{650434D4-C0C3-4A5C-A9F4-D2FE1E0D835C}.Debug|x64.ActiveCfg = Debug|Any CPU
		{650434D4-C0C3-4A5C-A9F4-D2FE1E0D835C}.Debug|x64.Build.0 = Debug|Any CPU
		{650434D4-C0C3-4A5C-A9F4-D2FE1E0D835C}.Debug|x86.ActiveCfg = Debug|Any CPU
		{650434D4-C0C3-4A5C-A9F4-D2FE1E0D835C}.Debug|x86.Build.0 = Debug|Any CPU
		{650434D4-C0C3-4A5C-A9F4-D2FE1E0D835C}.Release|Any CPU.ActiveCfg = Release|Any CPU
		{650434D4-C0C3-4A5C-A9F4-D2FE1E0D835C}.Release|Any CPU.Build.0 = Release|Any CPU
		{650434D4-C0C3-4A5C-A9F4-D2FE1E0D835C}.Release|x64.ActiveCfg = Release|Any CPU
		{650434D4-C0C3-4A5C-A9F4-D2FE1E0D835C}.Release|x64.Build.0 = Release|Any CPU
		{650434D4-C0C3-4A5C-A9F4-D2FE1E0D835C}.Release|x86.ActiveCfg = Release|Any CPU
		{650434D4-C0C3-4A5C-A9F4-D2FE1E0D835C}.Release|x86.Build.0 = Release|Any CPU
		{6A53A6C3-E4E4-4043-870B-FE8B3F183999}.Debug|Any CPU.ActiveCfg = Debug|Any CPU
		{6A53A6C3-E4E4-4043-870B-FE8B3F183999}.Debug|Any CPU.Build.0 = Debug|Any CPU
		{6A53A6C3-E4E4-4043-870B-FE8B3F183999}.Debug|x64.ActiveCfg = Debug|Any CPU
		{6A53A6C3-E4E4-4043-870B-FE8B3F183999}.Debug|x64.Build.0 = Debug|Any CPU
		{6A53A6C3-E4E4-4043-870B-FE8B3F183999}.Debug|x86.ActiveCfg = Debug|Any CPU
		{6A53A6C3-E4E4-4043-870B-FE8B3F183999}.Debug|x86.Build.0 = Debug|Any CPU
		{6A53A6C3-E4E4-4043-870B-FE8B3F183999}.Release|Any CPU.ActiveCfg = Release|Any CPU
		{6A53A6C3-E4E4-4043-870B-FE8B3F183999}.Release|Any CPU.Build.0 = Release|Any CPU
		{6A53A6C3-E4E4-4043-870B-FE8B3F183999}.Release|x64.ActiveCfg = Release|Any CPU
		{6A53A6C3-E4E4-4043-870B-FE8B3F183999}.Release|x64.Build.0 = Release|Any CPU
		{6A53A6C3-E4E4-4043-870B-FE8B3F183999}.Release|x86.ActiveCfg = Release|Any CPU
		{6A53A6C3-E4E4-4043-870B-FE8B3F183999}.Release|x86.Build.0 = Release|Any CPU
	EndGlobalSection
	GlobalSection(SolutionProperties) = preSolution
		HideSolutionNode = FALSE
	EndGlobalSection
	GlobalSection(ExtensibilityGlobals) = postSolution
		SolutionGuid = {BA59A9F1-BA77-4136-9DAA-9E0BEA309747}
	EndGlobalSection
EndGlobal
